
Microsoft Visual Studio Solution File, Format Version 12.00
# Visual Studio Version 16
VisualStudioVersion = 16.0.31424.327
MinimumVisualStudioVersion = 10.0.40219.1
Project("{FAE04EC0-301F-11D3-BF4B-00C04F79EFBC}") = "TicTacToeForm3X3", "TicTacToeForm3X3\TicTacToeForm3X3.csproj", "{B2E2247F-3200-4BA3-955D-AF7682B92D4E}"
EndProject
Global
	GlobalSection(SolutionConfigurationPlatforms) = preSolution
		Debug|Any CPU = Debug|Any CPU
		Release|Any CPU = Release|Any CPU
	EndGlobalSection
	GlobalSection(ProjectConfigurationPlatforms) = postSolution
		{B2E2247F-3200-4BA3-955D-AF7682B92D4E}.Debug|Any CPU.ActiveCfg = Debug|Any CPU
		{B2E2247F-3200-4BA3-955D-AF7682B92D4E}.Debug|Any CPU.Build.0 = Debug|Any CPU
		{B2E2247F-3200-4BA3-955D-AF7682B92D4E}.Release|Any CPU.ActiveCfg = Release|Any CPU
		{B2E2247F-3200-4BA3-955D-AF7682B92D4E}.Release|Any CPU.Build.0 = Release|Any CPU
	EndGlobalSection
	GlobalSection(SolutionProperties) = preSolution
		HideSolutionNode = FALSE
	EndGlobalSection
	GlobalSection(ExtensibilityGlobals) = postSolution
		SolutionGuid = {E8FC7809-E1B9-4C6A-90D0-79B8CB40A582}
	EndGlobalSection
EndGlobal
